
Microsoft Visual Studio Solution File, Format Version 12.00
# Visual Studio Version 17
VisualStudioVersion = 17.5.002.0
MinimumVisualStudioVersion = 10.0.40219.1
Project("{9A19103F-16F7-4668-BE54-9A1E7A4F7556}") = "MVCDemo", "MVCDemo\MVCDemo.csproj", "{F820A4E2-EA7F-46B5-9700-DD95D5AEB5CE}"
EndProject
Global
	GlobalSection(SolutionConfigurationPlatforms) = preSolution
		Debug|Any CPU = Debug|Any CPU
		Release|Any CPU = Release|Any CPU
	EndGlobalSection
	GlobalSection(ProjectConfigurationPlatforms) = postSolution
		{F820A4E2-EA7F-46B5-9700-DD95D5AEB5CE}.Debug|Any CPU.ActiveCfg = Debug|Any CPU
		{F820A4E2-EA7F-46B5-9700-DD95D5AEB5CE}.Debug|Any CPU.Build.0 = Debug|Any CPU
		{F820A4E2-EA7F-46B5-9700-DD95D5AEB5CE}.Release|Any CPU.ActiveCfg = Release|Any CPU
		{F820A4E2-EA7F-46B5-9700-DD95D5AEB5CE}.Release|Any CPU.Build.0 = Release|Any CPU
	EndGlobalSection
	GlobalSection(SolutionProperties) = preSolution
		HideSolutionNode = FALSE
	EndGlobalSection
	GlobalSection(ExtensibilityGlobals) = postSolution
		SolutionGuid = {ABDD2770-711D-44A8-8C0D-2CB999733CD9}
	EndGlobalSection
EndGlobal
